
Microsoft Visual Studio Solution File, Format Version 12.00
# Visual Studio Version 16
VisualStudioVersion = 16.0.30104.148
MinimumVisualStudioVersion = 10.0.40219.1
Project("{9A19103F-16F7-4668-BE54-9A1E7A4F7556}") = "RabbitMQPublish", "RabbitMQPublish\RabbitMQPublish.csproj", "{AF173A87-7779-4CCC-AF24-099FECF3E4DD}"
EndProject
Project("{9A19103F-16F7-4668-BE54-9A1E7A4F7556}") = "RabbitMQ_Consumer_Console", "RabbitMQ_Consumer_Console\RabbitMQ_Consumer_Console.csproj", "{33EEE6CD-6FB2-4CF7-9CF3-9E161AB5F492}"
EndProject
Global
	GlobalSection(SolutionConfigurationPlatforms) = preSolution
		Debug|Any CPU = Debug|Any CPU
		Release|Any CPU = Release|Any CPU
	EndGlobalSection
	GlobalSection(ProjectConfigurationPlatforms) = postSolution
		{AF173A87-7779-4CCC-AF24-099FECF3E4DD}.Debug|Any CPU.ActiveCfg = Debug|Any CPU
		{AF173A87-7779-4CCC-AF24-099FECF3E4DD}.Debug|Any CPU.Build.0 = Debug|Any CPU
		{AF173A87-7779-4CCC-AF24-099FECF3E4DD}.Release|Any CPU.ActiveCfg = Release|Any CPU
		{AF173A87-7779-4CCC-AF24-099FECF3E4DD}.Release|Any CPU.Build.0 = Release|Any CPU
		{33EEE6CD-6FB2-4CF7-9CF3-9E161AB5F492}.Debug|Any CPU.ActiveCfg = Debug|Any CPU
		{33EEE6CD-6FB2-4CF7-9CF3-9E161AB5F492}.Debug|Any CPU.Build.0 = Debug|Any CPU
		{33EEE6CD-6FB2-4CF7-9CF3-9E161AB5F492}.Release|Any CPU.ActiveCfg = Release|Any CPU
		{33EEE6CD-6FB2-4CF7-9CF3-9E161AB5F492}.Release|Any CPU.Build.0 = Release|Any CPU
	EndGlobalSection
	GlobalSection(SolutionProperties) = preSolution
		HideSolutionNode = FALSE
	EndGlobalSection
	GlobalSection(ExtensibilityGlobals) = postSolution
		SolutionGuid = {C3CDFC29-166F-4532-81A9-7ACBF0A74EF7}
	EndGlobalSection
EndGlobal
